{
  "originHash" : "ef00e3d8fbb2d30a5feeffd901afe269da81ef29cbd621b41e76ca47bb5e65af",
  "pins" : [
    {
      "identity" : "mpvkit",
      "kind" : "remoteSourceControl",
      "location" : "https://github.com/mpvkit/MPVKit.git",
      "state" : {
        "revision" : "32794687269115d5f93495d5bc3a86bf7bf95293",
        "version" : "0.40.0"
      }
    }
  ],
  "version" : 3
}
